
Microsoft Visual Studio Solution File, Format Version 12.00
# Visual Studio Version 17
VisualStudioVersion = 17.14.36414.22
MinimumVisualStudioVersion = 10.0.40219.1
Project("{FAE04EC0-301F-11D3-BF4B-00C04F79EFBC}") = "Fetcher", "Fetcher.csproj", "{EABE3A98-763A-42E0-B82E-04B947E2491B}"
EndProject
Project("{FAE04EC0-301F-11D3-BF4B-00C04F79EFBC}") = "Common", "..\..\Common\Common.csproj", "{F27F67F1-291C-F251-CB19-4393087F5938}"
EndProject
Global
	GlobalSection(SolutionConfigurationPlatforms) = preSolution
		Debug|Any CPU = Debug|Any CPU
		Release|Any CPU = Release|Any CPU
	EndGlobalSection
	GlobalSection(ProjectConfigurationPlatforms) = postSolution
		{EABE3A98-763A-42E0-B82E-04B947E2491B}.Debug|Any CPU.ActiveCfg = Debug|Any CPU
		{EABE3A98-763A-42E0-B82E-04B947E2491B}.Debug|Any CPU.Build.0 = Debug|Any CPU
		{EABE3A98-763A-42E0-B82E-04B947E2491B}.Release|Any CPU.ActiveCfg = Release|Any CPU
		{EABE3A98-763A-42E0-B82E-04B947E2491B}.Release|Any CPU.Build.0 = Release|Any CPU
		{F27F67F1-291C-F251-CB19-4393087F5938}.Debug|Any CPU.ActiveCfg = Debug|Any CPU
		{F27F67F1-291C-F251-CB19-4393087F5938}.Debug|Any CPU.Build.0 = Debug|Any CPU
		{F27F67F1-291C-F251-CB19-4393087F5938}.Release|Any CPU.ActiveCfg = Release|Any CPU
		{F27F67F1-291C-F251-CB19-4393087F5938}.Release|Any CPU.Build.0 = Release|Any CPU
	EndGlobalSection
	GlobalSection(SolutionProperties) = preSolution
		HideSolutionNode = FALSE
	EndGlobalSection
	GlobalSection(ExtensibilityGlobals) = postSolution
		SolutionGuid = {9179DD2F-BE47-4F0D-A141-2DA0F944D02F}
	EndGlobalSection
EndGlobal
